
Microsoft Visual Studio Solution File, Format Version 12.00
# Visual Studio 15
VisualStudioVersion = 15.0.26430.6
MinimumVisualStudioVersion = 10.0.40219.1
Project("{2150E333-8FDC-42A3-9474-1A3956D46DE8}") = "ExerciceOne", "ExerciceOne", "{3DE98E36-146C-442C-A944-3519221757A9}"
EndProject
Project("{FAE04EC0-301F-11D3-BF4B-00C04F79EFBC}") = "ValidationEngine", "ValidationEngine\ValidationEngine.csproj", "{2B6EE2B0-2B0D-448D-BC54-DE1C3096FA53}"
EndProject
Project("{FAE04EC0-301F-11D3-BF4B-00C04F79EFBC}") = "ValidationEngineTests", "ValidationEngineTests\ValidationEngineTests.csproj", "{9D187934-73DD-4BC0-AC12-C399CA303D0D}"
EndProject
Project("{2150E333-8FDC-42A3-9474-1A3956D46DE8}") = "ExerciseTwo", "ExerciseTwo", "{717C3E21-7234-4799-9B1B-1CE4EB6442C5}"
EndProject
Global
	GlobalSection(SolutionConfigurationPlatforms) = preSolution
		Debug|Any CPU = Debug|Any CPU
		Release|Any CPU = Release|Any CPU
	EndGlobalSection
	GlobalSection(ProjectConfigurationPlatforms) = postSolution
		{2B6EE2B0-2B0D-448D-BC54-DE1C3096FA53}.Debug|Any CPU.ActiveCfg = Debug|Any CPU
		{2B6EE2B0-2B0D-448D-BC54-DE1C3096FA53}.Debug|Any CPU.Build.0 = Debug|Any CPU
		{2B6EE2B0-2B0D-448D-BC54-DE1C3096FA53}.Release|Any CPU.ActiveCfg = Release|Any CPU
		{2B6EE2B0-2B0D-448D-BC54-DE1C3096FA53}.Release|Any CPU.Build.0 = Release|Any CPU
		{9D187934-73DD-4BC0-AC12-C399CA303D0D}.Debug|Any CPU.ActiveCfg = Debug|Any CPU
		{9D187934-73DD-4BC0-AC12-C399CA303D0D}.Debug|Any CPU.Build.0 = Debug|Any CPU
		{9D187934-73DD-4BC0-AC12-C399CA303D0D}.Release|Any CPU.ActiveCfg = Release|Any CPU
		{9D187934-73DD-4BC0-AC12-C399CA303D0D}.Release|Any CPU.Build.0 = Release|Any CPU
	EndGlobalSection
	GlobalSection(SolutionProperties) = preSolution
		HideSolutionNode = FALSE
	EndGlobalSection
	GlobalSection(NestedProjects) = preSolution
		{2B6EE2B0-2B0D-448D-BC54-DE1C3096FA53} = {3DE98E36-146C-442C-A944-3519221757A9}
		{9D187934-73DD-4BC0-AC12-C399CA303D0D} = {3DE98E36-146C-442C-A944-3519221757A9}
	EndGlobalSection
EndGlobal
